// !$*UTF8*$!
{
	archiveVersion = 1;
	classes = {
	};
	objectVersion = 56;
	objects = {

/* Begin PBXBuildFile section */
		2F1A875C298B988F00077ECA /* AboutUs.swift in Sources */ = {isa = PBXBuildFile; fileRef = 2F1A875B298B988F00077ECA /* AboutUs.swift */; };
		2F1AB83B297AE28900D5EEF5 /* LalpurjaNepalCloneApp.swift in Sources */ = {isa = PBXBuildFile; fileRef = 2F1AB83A297AE28900D5EEF5 /* LalpurjaNepalCloneApp.swift */; };
		2F1AB83D297AE28900D5EEF5 /* ContentView.swift in Sources */ = {isa = PBXBuildFile; fileRef = 2F1AB83C297AE28900D5EEF5 /* ContentView.swift */; };
		2F1AB83F297AE28B00D5EEF5 /* Assets.xcassets in Resources */ = {isa = PBXBuildFile; fileRef = 2F1AB83E297AE28B00D5EEF5 /* Assets.xcassets */; };
		2F1AB842297AE28B00D5EEF5 /* Preview Assets.xcassets in Resources */ = {isa = PBXBuildFile; fileRef = 2F1AB841297AE28B00D5EEF5 /* Preview Assets.xcassets */; };
		2F1AB84C297AE28B00D5EEF5 /* LalpurjaNepalCloneTests.swift in Sources */ = {isa = PBXBuildFile; fileRef = 2F1AB84B297AE28B00D5EEF5 /* LalpurjaNepalCloneTests.swift */; };
		2F1AB856297AE28B00D5EEF5 /* LalpurjaNepalCloneUITests.swift in Sources */ = {isa = PBXBuildFile; fileRef = 2F1AB855297AE28B00D5EEF5 /* LalpurjaNepalCloneUITests.swift */; };
		2F1AB858297AE28B00D5EEF5 /* LalpurjaNepalCloneUITestsLaunchTests.swift in Sources */ = {isa = PBXBuildFile; fileRef = 2F1AB857297AE28B00D5EEF5 /* LalpurjaNepalCloneUITestsLaunchTests.swift */; };
		2F46490E2980D4BF00B7F0DD /* Deals Page.swift in Sources */ = {isa = PBXBuildFile; fileRef = 2F46490D2980D4BF00B7F0DD /* Deals Page.swift */; };
		2F4649102983DD6900B7F0DD /* EditProfile.swift in Sources */ = {isa = PBXBuildFile; fileRef = 2F46490F2983DD6900B7F0DD /* EditProfile.swift */; };
		2F4649122985384500B7F0DD /* Contact US.swift in Sources */ = {isa = PBXBuildFile; fileRef = 2F4649112985384400B7F0DD /* Contact US.swift */; };
		2F46491429853C3F00B7F0DD /* Our Requirements.swift in Sources */ = {isa = PBXBuildFile; fileRef = 2F46491329853C3F00B7F0DD /* Our Requirements.swift */; };
		2F512D8C297D00D500E1E138 /* PrivacyPolicy.swift in Sources */ = {isa = PBXBuildFile; fileRef = 2F512D8B297D00D500E1E138 /* PrivacyPolicy.swift */; };
		2F512D8E297D23E000E1E138 /* HomePage.swift in Sources */ = {isa = PBXBuildFile; fileRef = 2F512D8D297D23E000E1E138 /* HomePage.swift */; };
		2FAB601C2986245800C3A532 /* Property Page.swift in Sources */ = {isa = PBXBuildFile; fileRef = 2FAB601B2986245800C3A532 /* Property Page.swift */; };
		2FC4197A297E8E06007F83C3 /* setting page.swift in Sources */ = {isa = PBXBuildFile; fileRef = 2FC41979297E8E06007F83C3 /* setting page.swift */; };
		2FE26355298F67C000A43CD8 /* Request Property.swift in Sources */ = {isa = PBXBuildFile; fileRef = 2FE26354298F67C000A43CD8 /* Request Property.swift */; };
/* End PBXBuildFile section */

/* Begin PBXContainerItemProxy section */
		2F1AB848297AE28B00D5EEF5 /* PBXContainerItemProxy */ = {
			isa = PBXContainerItemProxy;
			containerPortal = 2F1AB82F297AE28900D5EEF5 /* Project object */;
			proxyType = 1;
			remoteGlobalIDString = 2F1AB836297AE28900D5EEF5;
			remoteInfo = LalpurjaNepalClone;
		};
		2F1AB852297AE28B00D5EEF5 /* PBXContainerItemProxy */ = {
			isa = PBXContainerItemProxy;
			containerPortal = 2F1AB82F297AE28900D5EEF5 /* Project object */;
			proxyType = 1;
			remoteGlobalIDString = 2F1AB836297AE28900D5EEF5;
			remoteInfo = LalpurjaNepalClone;
		};
/* End PBXContainerItemProxy section */

/* Begin PBXFileReference section */
		2F1A875B298B988F00077ECA /* AboutUs.swift */ = {isa = PBXFileReference; lastKnownFileType = sourcecode.swift; path = AboutUs.swift; sourceTree = "<group>"; };
		2F1AB837297AE28900D5EEF5 /* LalpurjaNepalClone.app */ = {isa = PBXFileReference; explicitFileType = wrapper.application; includeInIndex = 0; path = LalpurjaNepalClone.app; sourceTree = BUILT_PRODUCTS_DIR; };
		2F1AB83A297AE28900D5EEF5 /* LalpurjaNepalCloneApp.swift */ = {isa = PBXFileReference; lastKnownFileType = sourcecode.swift; path = LalpurjaNepalCloneApp.swift; sourceTree = "<group>"; };
		2F1AB83C297AE28900D5EEF5 /* ContentView.swift */ = {isa = PBXFileReference; lastKnownFileType = sourcecode.swift; path = ContentView.swift; sourceTree = "<group>"; };
		2F1AB83E297AE28B00D5EEF5 /* Assets.xcassets */ = {isa = PBXFileReference; lastKnownFileType = folder.assetcatalog; path = Assets.xcassets; sourceTree = "<group>"; };
		2F1AB841297AE28B00D5EEF5 /* Preview Assets.xcassets */ = {isa = PBXFileReference; lastKnownFileType = folder.assetcatalog; path = "Preview Assets.xcassets"; sourceTree = "<group>"; };
		2F1AB847297AE28B00D5EEF5 /* LalpurjaNepalCloneTests.xctest */ = {isa = PBXFileReference; explicitFileType = wrapper.cfbundle; includeInIndex = 0; path = LalpurjaNepalCloneTests.xctest; sourceTree = BUILT_PRODUCTS_DIR; };
		2F1AB84B297AE28B00D5EEF5 /* LalpurjaNepalCloneTests.swift */ = {isa = PBXFileReference; lastKnownFileType = sourcecode.swift; path = LalpurjaNepalCloneTests.swift; sourceTree = "<group>"; };
		2F1AB851297AE28B00D5EEF5 /* LalpurjaNepalCloneUITests.xctest */ = {isa = PBXFileReference; explicitFileType = wrapper.cfbundle; includeInIndex = 0; path = LalpurjaNepalCloneUITests.xctest; sourceTree = BUILT_PRODUCTS_DIR; };
		2F1AB855297AE28B00D5EEF5 /* LalpurjaNepalCloneUITests.swift */ = {isa = PBXFileReference; lastKnownFileType = sourcecode.swift; path = LalpurjaNepalCloneUITests.swift; sourceTree = "<group>"; };
		2F1AB857297AE28B00D5EEF5 /* LalpurjaNepalCloneUITestsLaunchTests.swift */ = {isa = PBXFileReference; lastKnownFileType = sourcecode.swift; path = LalpurjaNepalCloneUITestsLaunchTests.swift; sourceTree = "<group>"; };
		2F46490D2980D4BF00B7F0DD /* Deals Page.swift */ = {isa = PBXFileReference; lastKnownFileType = sourcecode.swift; path = "Deals Page.swift"; sourceTree = "<group>"; };
		2F46490F2983DD6900B7F0DD /* EditProfile.swift */ = {isa = PBXFileReference; lastKnownFileType = sourcecode.swift; path = EditProfile.swift; sourceTree = "<group>"; };
		2F4649112985384400B7F0DD /* Contact US.swift */ = {isa = PBXFileReference; lastKnownFileType = sourcecode.swift; path = "Contact US.swift"; sourceTree = "<group>"; };
		2F46491329853C3F00B7F0DD /* Our Requirements.swift */ = {isa = PBXFileReference; lastKnownFileType = sourcecode.swift; path = "Our Requirements.swift"; sourceTree = "<group>"; };
		2F512D8B297D00D500E1E138 /* PrivacyPolicy.swift */ = {isa = PBXFileReference; lastKnownFileType = sourcecode.swift; path = PrivacyPolicy.swift; sourceTree = "<group>"; };
		2F512D8D297D23E000E1E138 /* HomePage.swift */ = {isa = PBXFileReference; lastKnownFileType = sourcecode.swift; path = HomePage.swift; sourceTree = "<group>"; };
		2FAB601B2986245800C3A532 /* Property Page.swift */ = {isa = PBXFileReference; lastKnownFileType = sourcecode.swift; path = "Property Page.swift"; sourceTree = "<group>"; };
		2FC41979297E8E06007F83C3 /* setting page.swift */ = {isa = PBXFileReference; lastKnownFileType = sourcecode.swift; path = "setting page.swift"; sourceTree = "<group>"; };
		2FE26354298F67C000A43CD8 /* Request Property.swift */ = {isa = PBXFileReference; lastKnownFileType = sourcecode.swift; path = "Request Property.swift"; sourceTree = "<group>"; };
/* End PBXFileReference section */

/* Begin PBXFrameworksBuildPhase section */
		2F1AB834297AE28900D5EEF5 /* Frameworks */ = {
			isa = PBXFrameworksBuildPhase;
			buildActionMask = 2147483647;
			files = (
			);
			runOnlyForDeploymentPostprocessing = 0;
		};
		2F1AB844297AE28B00D5EEF5 /* Frameworks */ = {
			isa = PBXFrameworksBuildPhase;
			buildActionMask = 2147483647;
			files = (
			);
			runOnlyForDeploymentPostprocessing = 0;
		};
		2F1AB84E297AE28B00D5EEF5 /* Frameworks */ = {
			isa = PBXFrameworksBuildPhase;
			buildActionMask = 2147483647;
			files = (
			);
			runOnlyForDeploymentPostprocessing = 0;
		};
/* End PBXFrameworksBuildPhase section */

/* Begin PBXGroup section */
		2F1AB82E297AE28900D5EEF5 = {
			isa = PBXGroup;
			children = (
				2F1AB839297AE28900D5EEF5 /* LalpurjaNepalClone */,
				2F1AB84A297AE28B00D5EEF5 /* LalpurjaNepalCloneTests */,
				2F1AB854297AE28B00D5EEF5 /* LalpurjaNepalCloneUITests */,
				2F1AB838297AE28900D5EEF5 /* Products */,
			);
			sourceTree = "<group>";
		};
		2F1AB838297AE28900D5EEF5 /* Products */ = {
			isa = PBXGroup;
			children = (
				2F1AB837297AE28900D5EEF5 /* LalpurjaNepalClone.app */,
				2F1AB847297AE28B00D5EEF5 /* LalpurjaNepalCloneTests.xctest */,
				2F1AB851297AE28B00D5EEF5 /* LalpurjaNepalCloneUITests.xctest */,
			);
			name = Products;
			sourceTree = "<group>";
		};
		2F1AB839297AE28900D5EEF5 /* LalpurjaNepalClone */ = {
			isa = PBXGroup;
			children = (
				2F1AB83A297AE28900D5EEF5 /* LalpurjaNepalCloneApp.swift */,
				2FC41979297E8E06007F83C3 /* setting page.swift */,
				2F512D8B297D00D500E1E138 /* PrivacyPolicy.swift */,
				2F4649112985384400B7F0DD /* Contact US.swift */,
				2F46491329853C3F00B7F0DD /* Our Requirements.swift */,
				2FAB601B2986245800C3A532 /* Property Page.swift */,
				2F1A875B298B988F00077ECA /* AboutUs.swift */,
				2F46490F2983DD6900B7F0DD /* EditProfile.swift */,
				2FE26354298F67C000A43CD8 /* Request Property.swift */,
				2F46490D2980D4BF00B7F0DD /* Deals Page.swift */,
				2F512D8D297D23E000E1E138 /* HomePage.swift */,
				2F1AB83C297AE28900D5EEF5 /* ContentView.swift */,
				2F1AB83E297AE28B00D5EEF5 /* Assets.xcassets */,
				2F1AB840297AE28B00D5EEF5 /* Preview Content */,
			);
			path = LalpurjaNepalClone;
			sourceTree = "<group>";
		};
		2F1AB840297AE28B00D5EEF5 /* Preview Content */ = {
			isa = PBXGroup;
			children = (
				2F1AB841297AE28B00D5EEF5 /* Preview Assets.xcassets */,
			);
			path = "Preview Content";
			sourceTree = "<group>";
		};
		2F1AB84A297AE28B00D5EEF5 /* LalpurjaNepalCloneTests */ = {
			isa = PBXGroup;
			children = (
				2F1AB84B297AE28B00D5EEF5 /* LalpurjaNepalCloneTests.swift */,
			);
			path = LalpurjaNepalCloneTests;
			sourceTree = "<group>";
		};
		2F1AB854297AE28B00D5EEF5 /* LalpurjaNepalCloneUITests */ = {
			isa = PBXGroup;
			children = (
				2F1AB855297AE28B00D5EEF5 /* LalpurjaNepalCloneUITests.swift */,
				2F1AB857297AE28B00D5EEF5 /* LalpurjaNepalCloneUITestsLaunchTests.swift */,
			);
			path = LalpurjaNepalCloneUITests;
			sourceTree = "<group>";
		};
/* End PBXGroup section */

/* Begin PBXNativeTarget section */
		2F1AB836297AE28900D5EEF5 /* LalpurjaNepalClone */ = {
			isa = PBXNativeTarget;
			buildConfigurationList = 2F1AB85B297AE28B00D5EEF5 /* Build configuration list for PBXNativeTarget "LalpurjaNepalClone" */;
			buildPhases = (
				2F1AB833297AE28900D5EEF5 /* Sources */,
				2F1AB834297AE28900D5EEF5 /* Frameworks */,
				2F1AB835297AE28900D5EEF5 /* Resources */,
			);
			buildRules = (
			);
			dependencies = (
			);
			name = LalpurjaNepalClone;
			productName = LalpurjaNepalClone;
			productReference = 2F1AB837297AE28900D5EEF5 /* LalpurjaNepalClone.app */;
			productType = "com.apple.product-type.application";
		};
		2F1AB846297AE28B00D5EEF5 /* LalpurjaNepalCloneTests */ = {
			isa = PBXNativeTarget;
			buildConfigurationList = 2F1AB85E297AE28B00D5EEF5 /* Build configuration list for PBXNativeTarget "LalpurjaNepalCloneTests" */;
			buildPhases = (
				2F1AB843297AE28B00D5EEF5 /* Sources */,
				2F1AB844297AE28B00D5EEF5 /* Frameworks */,
				2F1AB845297AE28B00D5EEF5 /* Resources */,
			);
			buildRules = (
			);
			dependencies = (
				2F1AB849297AE28B00D5EEF5 /* PBXTargetDependency */,
			);
			name = LalpurjaNepalCloneTests;
			productName = LalpurjaNepalCloneTests;
			productReference = 2F1AB847297AE28B00D5EEF5 /* LalpurjaNepalCloneTests.xctest */;
			productType = "com.apple.product-type.bundle.unit-test";
		};
		2F1AB850297AE28B00D5EEF5 /* LalpurjaNepalCloneUITests */ = {
			isa = PBXNativeTarget;
			buildConfigurationList = 2F1AB861297AE28B00D5EEF5 /* Build configuration list for PBXNativeTarget "LalpurjaNepalCloneUITests" */;
			buildPhases = (
				2F1AB84D297AE28B00D5EEF5 /* Sources */,
				2F1AB84E297AE28B00D5EEF5 /* Frameworks */,
				2F1AB84F297AE28B00D5EEF5 /* Resources */,
			);
			buildRules = (
			);
			dependencies = (
				2F1AB853297AE28B00D5EEF5 /* PBXTargetDependency */,
			);
			name = LalpurjaNepalCloneUITests;
			productName = LalpurjaNepalCloneUITests;
			productReference = 2F1AB851297AE28B00D5EEF5 /* LalpurjaNepalCloneUITests.xctest */;
			productType = "com.apple.product-type.bundle.ui-testing";
		};
/* End PBXNativeTarget section */

/* Begin PBXProject section */
		2F1AB82F297AE28900D5EEF5 /* Project object */ = {
			isa = PBXProject;
			attributes = {
				BuildIndependentTargetsInParallel = 1;
				LastSwiftUpdateCheck = 1420;
				LastUpgradeCheck = 1420;
				TargetAttributes = {
					2F1AB836297AE28900D5EEF5 = {
						CreatedOnToolsVersion = 14.2;
					};
					2F1AB846297AE28B00D5EEF5 = {
						CreatedOnToolsVersion = 14.2;
						TestTargetID = 2F1AB836297AE28900D5EEF5;
					};
					2F1AB850297AE28B00D5EEF5 = {
						CreatedOnToolsVersion = 14.2;
						TestTargetID = 2F1AB836297AE28900D5EEF5;
					};
				};
			};
			buildConfigurationList = 2F1AB832297AE28900D5EEF5 /* Build configuration list for PBXProject "LalpurjaNepalClone" */;
			compatibilityVersion = "Xcode 14.0";
			developmentRegion = en;
			hasScannedForEncodings = 0;
			knownRegions = (
				en,
				Base,
			);
			mainGroup = 2F1AB82E297AE28900D5EEF5;
			productRefGroup = 2F1AB838297AE28900D5EEF5 /* Products */;
			projectDirPath = "";
			projectRoot = "";
			targets = (
				2F1AB836297AE28900D5EEF5 /* LalpurjaNepalClone */,
				2F1AB846297AE28B00D5EEF5 /* LalpurjaNepalCloneTests */,
				2F1AB850297AE28B00D5EEF5 /* LalpurjaNepalCloneUITests */,
			);
		};
/* End PBXProject section */

/* Begin PBXResourcesBuildPhase section */
		2F1AB835297AE28900D5EEF5 /* Resources */ = {
			isa = PBXResourcesBuildPhase;
			buildActionMask = 2147483647;
			files = (
				2F1AB842297AE28B00D5EEF5 /* Preview Assets.xcassets in Resources */,
				2F1AB83F297AE28B00D5EEF5 /* Assets.xcassets in Resources */,
			);
			runOnlyForDeploymentPostprocessing = 0;
		};
		2F1AB845297AE28B00D5EEF5 /* Resources */ = {
			isa = PBXResourcesBuildPhase;
			buildActionMask = 2147483647;
			files = (
			);
			runOnlyForDeploymentPostprocessing = 0;
		};
		2F1AB84F297AE28B00D5EEF5 /* Resources */ = {
			isa = PBXResourcesBuildPhase;
			buildActionMask = 2147483647;
			files = (
			);
			runOnlyForDeploymentPostprocessing = 0;
		};
/* End PBXResourcesBuildPhase section */

/* Begin PBXSourcesBuildPhase section */
		2F1AB833297AE28900D5EEF5 /* Sources */ = {
			isa = PBXSourcesBuildPhase;
			buildActionMask = 2147483647;
			files = (
				2F1AB83D297AE28900D5EEF5 /* ContentView.swift in Sources */,
				2F46490E2980D4BF00B7F0DD /* Deals Page.swift in Sources */,
				2F512D8C297D00D500E1E138 /* PrivacyPolicy.swift in Sources */,
				2F1A875C298B988F00077ECA /* AboutUs.swift in Sources */,
				2F1AB83B297AE28900D5EEF5 /* LalpurjaNepalCloneApp.swift in Sources */,
				2FAB601C2986245800C3A532 /* Property Page.swift in Sources */,
				2F4649102983DD6900B7F0DD /* EditProfile.swift in Sources */,
				2F512D8E297D23E000E1E138 /* HomePage.swift in Sources */,
				2FC4197A297E8E06007F83C3 /* setting page.swift in Sources */,
				2F4649122985384500B7F0DD /* Contact US.swift in Sources */,
				2F46491429853C3F00B7F0DD /* Our Requirements.swift in Sources */,
				2FE26355298F67C000A43CD8 /* Request Property.swift in Sources */,
			);
			runOnlyForDeploymentPostprocessing = 0;
		};
		2F1AB843297AE28B00D5EEF5 /* Sources */ = {
			isa = PBXSourcesBuildPhase;
			buildActionMask = 2147483647;
			files = (
				2F1AB84C297AE28B00D5EEF5 /* LalpurjaNepalCloneTests.swift in Sources */,
			);
			runOnlyForDeploymentPostprocessing = 0;
		};
		2F1AB84D297AE28B00D5EEF5 /* Sources */ = {
			isa = PBXSourcesBuildPhase;
			buildActionMask = 2147483647;
			files = (
				2F1AB858297AE28B00D5EEF5 /* LalpurjaNepalCloneUITestsLaunchTests.swift in Sources */,
				2F1AB856297AE28B00D5EEF5 /* LalpurjaNepalCloneUITests.swift in Sources */,
			);
			runOnlyForDeploymentPostprocessing = 0;
		};
/* End PBXSourcesBuildPhase section */

/* Begin PBXTargetDependency section */
		2F1AB849297AE28B00D5EEF5 /* PBXTargetDependency */ = {
			isa = PBXTargetDependency;
			target = 2F1AB836297AE28900D5EEF5 /* LalpurjaNepalClone */;
			targetProxy = 2F1AB848297AE28B00D5EEF5 /* PBXContainerItemProxy */;
		};
		2F1AB853297AE28B00D5EEF5 /* PBXTargetDependency */ = {
			isa = PBXTargetDependency;
			target = 2F1AB836297AE28900D5EEF5 /* LalpurjaNepalClone */;
			targetProxy = 2F1AB852297AE28B00D5EEF5 /* PBXContainerItemProxy */;
		};
/* End PBXTargetDependency section */

/* Begin XCBuildConfiguration section */
		2F1AB859297AE28B00D5EEF5 /* Debug */ = {
			isa = XCBuildConfiguration;
			buildSettings = {
				ALWAYS_SEARCH_USER_PATHS = NO;
				CLANG_ANALYZER_NONNULL = YES;
				CLANG_ANALYZER_NUMBER_OBJECT_CONVERSION = YES_AGGRESSIVE;
				CLANG_CXX_LANGUAGE_STANDARD = "gnu++20";
				CLANG_ENABLE_MODULES = YES;
				CLANG_ENABLE_OBJC_ARC = YES;
				CLANG_ENABLE_OBJC_WEAK = YES;
				CLANG_WARN_BLOCK_CAPTURE_AUTORELEASING = YES;
				CLANG_WARN_BOOL_CONVERSION = YES;
				CLANG_WARN_COMMA = YES;
				CLANG_WARN_CONSTANT_CONVERSION = YES;
				CLANG_WARN_DEPRECATED_OBJC_IMPLEMENTATIONS = YES;
				CLANG_WARN_DIRECT_OBJC_ISA_USAGE = YES_ERROR;
				CLANG_WARN_DOCUMENTATION_COMMENTS = YES;
				CLANG_WARN_EMPTY_BODY = YES;
				CLANG_WARN_ENUM_CONVERSION = YES;
				CLANG_WARN_INFINITE_RECURSION = YES;
				CLANG_WARN_INT_CONVERSION = YES;
				CLANG_WARN_NON_LITERAL_NULL_CONVERSION = YES;
				CLANG_WARN_OBJC_IMPLICIT_RETAIN_SELF = YES;
				CLANG_WARN_OBJC_LITERAL_CONVERSION = YES;
				CLANG_WARN_OBJC_ROOT_CLASS = YES_ERROR;
				CLANG_WARN_QUOTED_INCLUDE_IN_FRAMEWORK_HEADER = YES;
				CLANG_WARN_RANGE_LOOP_ANALYSIS = YES;
				CLANG_WARN_STRICT_PROTOTYPES = YES;
				CLANG_WARN_SUSPICIOUS_MOVE = YES;
				CLANG_WARN_UNGUARDED_AVAILABILITY = YES_AGGRESSIVE;
				CLANG_WARN_UNREACHABLE_CODE = YES;
				CLANG_WARN__DUPLICATE_METHOD_MATCH = YES;
				COPY_PHASE_STRIP = NO;
				DEBUG_INFORMATION_FORMAT = dwarf;
				ENABLE_STRICT_OBJC_MSGSEND = YES;
				ENABLE_TESTABILITY = YES;
				GCC_C_LANGUAGE_STANDARD = gnu11;
				GCC_DYNAMIC_NO_PIC = NO;
				GCC_NO_COMMON_BLOCKS = YES;
				GCC_OPTIMIZATION_LEVEL = 0;
				GCC_PREPROCESSOR_DEFINITIONS = (
					"DEBUG=1",
					"$(inherited)",
				);
				GCC_WARN_64_TO_32_BIT_CONVERSION = YES;
				GCC_WARN_ABOUT_RETURN_TYPE = YES_ERROR;
				GCC_WARN_UNDECLARED_SELECTOR = YES;
				GCC_WARN_UNINITIALIZED_AUTOS = YES_AGGRESSIVE;
				GCC_WARN_UNUSED_FUNCTION = YES;
				GCC_WARN_UNUSED_VARIABLE = YES;
				IPHONEOS_DEPLOYMENT_TARGET = 16.2;
				MTL_ENABLE_DEBUG_INFO = INCLUDE_SOURCE;
				MTL_FAST_MATH = YES;
				ONLY_ACTIVE_ARCH = YES;
				SDKROOT = iphoneos;
				SWIFT_ACTIVE_COMPILATION_CONDITIONS = DEBUG;
				SWIFT_OPTIMIZATION_LEVEL = "-Onone";
			};
			name = Debug;
		};
		2F1AB85A297AE28B00D5EEF5 /* Release */ = {
			isa = XCBuildConfiguration;
			buildSettings = {
				ALWAYS_SEARCH_USER_PATHS = NO;
				CLANG_ANALYZER_NONNULL = YES;
				CLANG_ANALYZER_NUMBER_OBJECT_CONVERSION = YES_AGGRESSIVE;
				CLANG_CXX_LANGUAGE_STANDARD = "gnu++20";
				CLANG_ENABLE_MODULES = YES;
				CLANG_ENABLE_OBJC_ARC = YES;
				CLANG_ENABLE_OBJC_WEAK = YES;
				CLANG_WARN_BLOCK_CAPTURE_AUTORELEASING = YES;
				CLANG_WARN_BOOL_CONVERSION = YES;
				CLANG_WARN_COMMA = YES;
				CLANG_WARN_CONSTANT_CONVERSION = YES;
				CLANG_WARN_DEPRECATED_OBJC_IMPLEMENTATIONS = YES;
				CLANG_WARN_DIRECT_OBJC_ISA_USAGE = YES_ERROR;
				CLANG_WARN_DOCUMENTATION_COMMENTS = YES;
				CLANG_WARN_EMPTY_BODY = YES;
				CLANG_WARN_ENUM_CONVERSION = YES;
				CLANG_WARN_INFINITE_RECURSION = YES;
				CLANG_WARN_INT_CONVERSION = YES;
				CLANG_WARN_NON_LITERAL_NULL_CONVERSION = YES;
				CLANG_WARN_OBJC_IMPLICIT_RETAIN_SELF = YES;
				CLANG_WARN_OBJC_LITERAL_CONVERSION = YES;
				CLANG_WARN_OBJC_ROOT_CLASS = YES_ERROR;
				CLANG_WARN_QUOTED_INCLUDE_IN_FRAMEWORK_HEADER = YES;
				CLANG_WARN_RANGE_LOOP_ANALYSIS = YES;
				CLANG_WARN_STRICT_PROTOTYPES = YES;
				CLANG_WARN_SUSPICIOUS_MOVE = YES;
				CLANG_WARN_UNGUARDED_AVAILABILITY = YES_AGGRESSIVE;
				CLANG_WARN_UNREACHABLE_CODE = YES;
				CLANG_WARN__DUPLICATE_METHOD_MATCH = YES;
				COPY_PHASE_STRIP = NO;
				DEBUG_INFORMATION_FORMAT = "dwarf-with-dsym";
				ENABLE_NS_ASSERTIONS = NO;
				ENABLE_STRICT_OBJC_MSGSEND = YES;
				GCC_C_LANGUAGE_STANDARD = gnu11;
				GCC_NO_COMMON_BLOCKS = YES;
				GCC_WARN_64_TO_32_BIT_CONVERSION = YES;
				GCC_WARN_ABOUT_RETURN_TYPE = YES_ERROR;
				GCC_WARN_UNDECLARED_SELECTOR = YES;
				GCC_WARN_UNINITIALIZED_AUTOS = YES_AGGRESSIVE;
				GCC_WARN_UNUSED_FUNCTION = YES;
				GCC_WARN_UNUSED_VARIABLE = YES;
				IPHONEOS_DEPLOYMENT_TARGET = 16.2;
				MTL_ENABLE_DEBUG_INFO = NO;
				MTL_FAST_MATH = YES;
				SDKROOT = iphoneos;
				SWIFT_COMPILATION_MODE = wholemodule;
				SWIFT_OPTIMIZATION_LEVEL = "-O";
				VALIDATE_PRODUCT = YES;
			};
			name = Release;
		};
		2F1AB85C297AE28B00D5EEF5 /* Debug */ = {
			isa = XCBuildConfiguration;
			buildSettings = {
				ASSETCATALOG_COMPILER_APPICON_NAME = AppIcon;
				ASSETCATALOG_COMPILER_GLOBAL_ACCENT_COLOR_NAME = AccentColor;
				CODE_SIGN_STYLE = Automatic;
				CURRENT_PROJECT_VERSION = 1;
				DEVELOPMENT_ASSET_PATHS = "\"LalpurjaNepalClone/Preview Content\"";
				ENABLE_PREVIEWS = YES;
				GENERATE_INFOPLIST_FILE = YES;
				INFOPLIST_KEY_UIApplicationSceneManifest_Generation = YES;
				INFOPLIST_KEY_UIApplicationSupportsIndirectInputEvents = YES;
				INFOPLIST_KEY_UILaunchScreen_Generation = YES;
				INFOPLIST_KEY_UISupportedInterfaceOrientations_iPad = "UIInterfaceOrientationPortrait UIInterfaceOrientationPortraitUpsideDown UIInterfaceOrientationLandscapeLeft UIInterfaceOrientationLandscapeRight";
				INFOPLIST_KEY_UISupportedInterfaceOrientations_iPhone = "UIInterfaceOrientationPortrait UIInterfaceOrientationLandscapeLeft UIInterfaceOrientationLandscapeRight";
				LD_RUNPATH_SEARCH_PATHS = (
					"$(inherited)",
					"@executable_path/Frameworks",
				);
				MARKETING_VERSION = 1.0;
				PRODUCT_BUNDLE_IDENTIFIER = hh.LalpurjaNepalClone;
				PRODUCT_NAME = "$(TARGET_NAME)";
				SWIFT_EMIT_LOC_STRINGS = YES;
				SWIFT_VERSION = 5.0;
				TARGETED_DEVICE_FAMILY = "1,2";
			};
			name = Debug;
		};
		2F1AB85D297AE28B00D5EEF5 /* Release */ = {
			isa = XCBuildConfiguration;
			buildSettings = {
				ASSETCATALOG_COMPILER_APPICON_NAME = AppIcon;
				ASSETCATALOG_COMPILER_GLOBAL_ACCENT_COLOR_NAME = AccentColor;
				CODE_SIGN_STYLE = Automatic;
				CURRENT_PROJECT_VERSION = 1;
				DEVELOPMENT_ASSET_PATHS = "\"LalpurjaNepalClone/Preview Content\"";
				ENABLE_PREVIEWS = YES;
				GENERATE_INFOPLIST_FILE = YES;
				INFOPLIST_KEY_UIApplicationSceneManifest_Generation = YES;
				INFOPLIST_KEY_UIApplicationSupportsIndirectInputEvents = YES;
				INFOPLIST_KEY_UILaunchScreen_Generation = YES;
				INFOPLIST_KEY_UISupportedInterfaceOrientations_iPad = "UIInterfaceOrientationPortrait UIInterfaceOrientationPortraitUpsideDown UIInterfaceOrientationLandscapeLeft UIInterfaceOrientationLandscapeRight";
				INFOPLIST_KEY_UISupportedInterfaceOrientations_iPhone = "UIInterfaceOrientationPortrait UIInterfaceOrientationLandscapeLeft UIInterfaceOrientationLandscapeRight";
				LD_RUNPATH_SEARCH_PATHS = (
					"$(inherited)",
					"@executable_path/Frameworks",
				);
				MARKETING_VERSION = 1.0;
				PRODUCT_BUNDLE_IDENTIFIER = hh.LalpurjaNepalClone;
				PRODUCT_NAME = "$(TARGET_NAME)";
				SWIFT_EMIT_LOC_STRINGS = YES;
				SWIFT_VERSION = 5.0;
				TARGETED_DEVICE_FAMILY = "1,2";
			};
			name = Release;
		};
		2F1AB85F297AE28B00D5EEF5 /* Debug */ = {
			isa = XCBuildConfiguration;
			buildSettings = {
				ALWAYS_EMBED_SWIFT_STANDARD_LIBRARIES = YES;
				BUNDLE_LOADER = "$(TEST_HOST)";
				CODE_SIGN_STYLE = Automatic;
				CURRENT_PROJECT_VERSION = 1;
				GENERATE_INFOPLIST_FILE = YES;
				IPHONEOS_DEPLOYMENT_TARGET = 16.2;
				MARKETING_VERSION = 1.0;
				PRODUCT_BUNDLE_IDENTIFIER = hh.LalpurjaNepalCloneTests;
				PRODUCT_NAME = "$(TARGET_NAME)";
				SWIFT_EMIT_LOC_STRINGS = NO;
				SWIFT_VERSION = 5.0;
				TARGETED_DEVICE_FAMILY = "1,2";
				TEST_HOST = "$(BUILT_PRODUCTS_DIR)/LalpurjaNepalClone.app/$(BUNDLE_EXECUTABLE_FOLDER_PATH)/LalpurjaNepalClone";
			};
			name = Debug;
		};
		2F1AB860297AE28B00D5EEF5 /* Release */ = {
			isa = XCBuildConfiguration;
			buildSettings = {
				ALWAYS_EMBED_SWIFT_STANDARD_LIBRARIES = YES;
				BUNDLE_LOADER = "$(TEST_HOST)";
				CODE_SIGN_STYLE = Automatic;
				CURRENT_PROJECT_VERSION = 1;
				GENERATE_INFOPLIST_FILE = YES;
				IPHONEOS_DEPLOYMENT_TARGET = 16.2;
				MARKETING_VERSION = 1.0;
				PRODUCT_BUNDLE_IDENTIFIER = hh.LalpurjaNepalCloneTests;
				PRODUCT_NAME = "$(TARGET_NAME)";
				SWIFT_EMIT_LOC_STRINGS = NO;
				SWIFT_VERSION = 5.0;
				TARGETED_DEVICE_FAMILY = "1,2";
				TEST_HOST = "$(BUILT_PRODUCTS_DIR)/LalpurjaNepalClone.app/$(BUNDLE_EXECUTABLE_FOLDER_PATH)/LalpurjaNepalClone";
			};
			name = Release;
		};
		2F1AB862297AE28B00D5EEF5 /* Debug */ = {
			isa = XCBuildConfiguration;
			buildSettings = {
				ALWAYS_EMBED_SWIFT_STANDARD_LIBRARIES = YES;
				CODE_SIGN_STYLE = Automatic;
				CURRENT_PROJECT_VERSION = 1;
				GENERATE_INFOPLIST_FILE = YES;
				MARKETING_VERSION = 1.0;
				PRODUCT_BUNDLE_IDENTIFIER = hh.LalpurjaNepalCloneUITests;
				PRODUCT_NAME = "$(TARGET_NAME)";
				SWIFT_EMIT_LOC_STRINGS = NO;
				SWIFT_VERSION = 5.0;
				TARGETED_DEVICE_FAMILY = "1,2";
				TEST_TARGET_NAME = LalpurjaNepalClone;
			};
			name = Debug;
		};
		2F1AB863297AE28B00D5EEF5 /* Release */ = {
			isa = XCBuildConfiguration;
			buildSettings = {
				ALWAYS_EMBED_SWIFT_STANDARD_LIBRARIES = YES;
				CODE_SIGN_STYLE = Automatic;
				CURRENT_PROJECT_VERSION = 1;
				GENERATE_INFOPLIST_FILE = YES;
				MARKETING_VERSION = 1.0;
				PRODUCT_BUNDLE_IDENTIFIER = hh.LalpurjaNepalCloneUITests;
				PRODUCT_NAME = "$(TARGET_NAME)";
				SWIFT_EMIT_LOC_STRINGS = NO;
				SWIFT_VERSION = 5.0;
				TARGETED_DEVICE_FAMILY = "1,2";
				TEST_TARGET_NAME = LalpurjaNepalClone;
			};
			name = Release;
		};
/* End XCBuildConfiguration section */

/* Begin XCConfigurationList section */
		2F1AB832297AE28900D5EEF5 /* Build configuration list for PBXProject "LalpurjaNepalClone" */ = {
			isa = XCConfigurationList;
			buildConfigurations = (
				2F1AB859297AE28B00D5EEF5 /* Debug */,
				2F1AB85A297AE28B00D5EEF5 /* Release */,
			);
			defaultConfigurationIsVisible = 0;
			defaultConfigurationName = Release;
		};
		2F1AB85B297AE28B00D5EEF5 /* Build configuration list for PBXNativeTarget "LalpurjaNepalClone" */ = {
			isa = XCConfigurationList;
			buildConfigurations = (
				2F1AB85C297AE28B00D5EEF5 /* Debug */,
				2F1AB85D297AE28B00D5EEF5 /* Release */,
			);
			defaultConfigurationIsVisible = 0;
			defaultConfigurationName = Release;
		};
		2F1AB85E297AE28B00D5EEF5 /* Build configuration list for PBXNativeTarget "LalpurjaNepalCloneTests" */ = {
			isa = XCConfigurationList;
			buildConfigurations = (
				2F1AB85F297AE28B00D5EEF5 /* Debug */,
				2F1AB860297AE28B00D5EEF5 /* Release */,
			);
			defaultConfigurationIsVisible = 0;
			defaultConfigurationName = Release;
		};
		2F1AB861297AE28B00D5EEF5 /* Build configuration list for PBXNativeTarget "LalpurjaNepalCloneUITests" */ = {
			isa = XCConfigurationList;
			buildConfigurations = (
				2F1AB862297AE28B00D5EEF5 /* Debug */,
				2F1AB863297AE28B00D5EEF5 /* Release */,
			);
			defaultConfigurationIsVisible = 0;
			defaultConfigurationName = Release;
		};
/* End XCConfigurationList section */
	};
	rootObject = 2F1AB82F297AE28900D5EEF5 /* Project object */;
}
